
Microsoft Visual Studio Solution File, Format Version 12.00
# Visual Studio Version 17
VisualStudioVersion = 17.3.32819.101
MinimumVisualStudioVersion = 10.0.40219.1
Project("{FAE04EC0-301F-11D3-BF4B-00C04F79EFBC}") = "AppSIMyS.Android", "AppSIMyS\AppSIMyS.Android\AppSIMyS.Android.csproj", "{98439C0E-C379-4BC7-AA84-24C587257787}"
EndProject
Project("{FAE04EC0-301F-11D3-BF4B-00C04F79EFBC}") = "AppSIMyS.iOS", "AppSIMyS\AppSIMyS.iOS\AppSIMyS.iOS.csproj", "{BE17DC54-6581-4C92-9CE0-4723885CCFD5}"
EndProject
Project("{9A19103F-16F7-4668-BE54-9A1E7A4F7556}") = "AppSIMyS", "AppSIMyS\AppSIMyS\AppSIMyS.csproj", "{458F775A-BC16-4347-801F-DC54E77922FB}"
EndProject
Global
	GlobalSection(SolutionConfigurationPlatforms) = preSolution
		Debug|Any CPU = Debug|Any CPU
		Debug|iPhone = Debug|iPhone
		Debug|iPhoneSimulator = Debug|iPhoneSimulator
		Release|Any CPU = Release|Any CPU
		Release|iPhone = Release|iPhone
		Release|iPhoneSimulator = Release|iPhoneSimulator
	EndGlobalSection
	GlobalSection(ProjectConfigurationPlatforms) = postSolution
		{98439C0E-C379-4BC7-AA84-24C587257787}.Debug|Any CPU.ActiveCfg = Debug|Any CPU
		{98439C0E-C379-4BC7-AA84-24C587257787}.Debug|Any CPU.Build.0 = Debug|Any CPU
		{98439C0E-C379-4BC7-AA84-24C587257787}.Debug|Any CPU.Deploy.0 = Debug|Any CPU
		{98439C0E-C379-4BC7-AA84-24C587257787}.Debug|iPhone.ActiveCfg = Debug|Any CPU
		{98439C0E-C379-4BC7-AA84-24C587257787}.Debug|iPhone.Build.0 = Debug|Any CPU
		{98439C0E-C379-4BC7-AA84-24C587257787}.Debug|iPhone.Deploy.0 = Debug|Any CPU
		{98439C0E-C379-4BC7-AA84-24C587257787}.Debug|iPhoneSimulator.ActiveCfg = Debug|Any CPU
		{98439C0E-C379-4BC7-AA84-24C587257787}.Debug|iPhoneSimulator.Build.0 = Debug|Any CPU
		{98439C0E-C379-4BC7-AA84-24C587257787}.Debug|iPhoneSimulator.Deploy.0 = Debug|Any CPU
		{98439C0E-C379-4BC7-AA84-24C587257787}.Release|Any CPU.ActiveCfg = Release|Any CPU
		{98439C0E-C379-4BC7-AA84-24C587257787}.Release|Any CPU.Build.0 = Release|Any CPU
		{98439C0E-C379-4BC7-AA84-24C587257787}.Release|Any CPU.Deploy.0 = Release|Any CPU
		{98439C0E-C379-4BC7-AA84-24C587257787}.Release|iPhone.ActiveCfg = Release|Any CPU
		{98439C0E-C379-4BC7-AA84-24C587257787}.Release|iPhone.Build.0 = Release|Any CPU
		{98439C0E-C379-4BC7-AA84-24C587257787}.Release|iPhone.Deploy.0 = Release|Any CPU
		{98439C0E-C379-4BC7-AA84-24C587257787}.Release|iPhoneSimulator.ActiveCfg = Release|Any CPU
		{98439C0E-C379-4BC7-AA84-24C587257787}.Release|iPhoneSimulator.Build.0 = Release|Any CPU
		{98439C0E-C379-4BC7-AA84-24C587257787}.Release|iPhoneSimulator.Deploy.0 = Release|Any CPU
		{BE17DC54-6581-4C92-9CE0-4723885CCFD5}.Debug|Any CPU.ActiveCfg = Debug|iPhone
		{BE17DC54-6581-4C92-9CE0-4723885CCFD5}.Debug|Any CPU.Build.0 = Debug|iPhone
		{BE17DC54-6581-4C92-9CE0-4723885CCFD5}.Debug|Any CPU.Deploy.0 = Debug|iPhone
		{BE17DC54-6581-4C92-9CE0-4723885CCFD5}.Debug|iPhone.ActiveCfg = Debug|iPhone
		{BE17DC54-6581-4C92-9CE0-4723885CCFD5}.Debug|iPhone.Build.0 = Debug|iPhone
		{BE17DC54-6581-4C92-9CE0-4723885CCFD5}.Debug|iPhone.Deploy.0 = Debug|iPhone
		{BE17DC54-6581-4C92-9CE0-4723885CCFD5}.Debug|iPhoneSimulator.ActiveCfg = Debug|iPhoneSimulator
		{BE17DC54-6581-4C92-9CE0-4723885CCFD5}.Debug|iPhoneSimulator.Build.0 = Debug|iPhoneSimulator
		{BE17DC54-6581-4C92-9CE0-4723885CCFD5}.Debug|iPhoneSimulator.Deploy.0 = Debug|iPhoneSimulator
		{BE17DC54-6581-4C92-9CE0-4723885CCFD5}.Release|Any CPU.ActiveCfg = Release|iPhoneSimulator
		{BE17DC54-6581-4C92-9CE0-4723885CCFD5}.Release|Any CPU.Build.0 = Release|iPhoneSimulator
		{BE17DC54-6581-4C92-9CE0-4723885CCFD5}.Release|Any CPU.Deploy.0 = Release|iPhoneSimulator
		{BE17DC54-6581-4C92-9CE0-4723885CCFD5}.Release|iPhone.ActiveCfg = Release|iPhone
		{BE17DC54-6581-4C92-9CE0-4723885CCFD5}.Release|iPhone.Build.0 = Release|iPhone
		{BE17DC54-6581-4C92-9CE0-4723885CCFD5}.Release|iPhone.Deploy.0 = Release|iPhone
		{BE17DC54-6581-4C92-9CE0-4723885CCFD5}.Release|iPhoneSimulator.ActiveCfg = Release|iPhoneSimulator
		{BE17DC54-6581-4C92-9CE0-4723885CCFD5}.Release|iPhoneSimulator.Build.0 = Release|iPhoneSimulator
		{BE17DC54-6581-4C92-9CE0-4723885CCFD5}.Release|iPhoneSimulator.Deploy.0 = Release|iPhoneSimulator
		{458F775A-BC16-4347-801F-DC54E77922FB}.Debug|Any CPU.ActiveCfg = Debug|Any CPU
		{458F775A-BC16-4347-801F-DC54E77922FB}.Debug|Any CPU.Build.0 = Debug|Any CPU
		{458F775A-BC16-4347-801F-DC54E77922FB}.Debug|Any CPU.Deploy.0 = Debug|Any CPU
		{458F775A-BC16-4347-801F-DC54E77922FB}.Debug|iPhone.ActiveCfg = Debug|Any CPU
		{458F775A-BC16-4347-801F-DC54E77922FB}.Debug|iPhone.Build.0 = Debug|Any CPU
		{458F775A-BC16-4347-801F-DC54E77922FB}.Debug|iPhone.Deploy.0 = Debug|Any CPU
		{458F775A-BC16-4347-801F-DC54E77922FB}.Debug|iPhoneSimulator.ActiveCfg = Debug|Any CPU
		{458F775A-BC16-4347-801F-DC54E77922FB}.Debug|iPhoneSimulator.Build.0 = Debug|Any CPU
		{458F775A-BC16-4347-801F-DC54E77922FB}.Debug|iPhoneSimulator.Deploy.0 = Debug|Any CPU
		{458F775A-BC16-4347-801F-DC54E77922FB}.Release|Any CPU.ActiveCfg = Release|Any CPU
		{458F775A-BC16-4347-801F-DC54E77922FB}.Release|Any CPU.Build.0 = Release|Any CPU
		{458F775A-BC16-4347-801F-DC54E77922FB}.Release|Any CPU.Deploy.0 = Release|Any CPU
		{458F775A-BC16-4347-801F-DC54E77922FB}.Release|iPhone.ActiveCfg = Release|Any CPU
		{458F775A-BC16-4347-801F-DC54E77922FB}.Release|iPhone.Build.0 = Release|Any CPU
		{458F775A-BC16-4347-801F-DC54E77922FB}.Release|iPhone.Deploy.0 = Release|Any CPU
		{458F775A-BC16-4347-801F-DC54E77922FB}.Release|iPhoneSimulator.ActiveCfg = Release|Any CPU
		{458F775A-BC16-4347-801F-DC54E77922FB}.Release|iPhoneSimulator.Build.0 = Release|Any CPU
		{458F775A-BC16-4347-801F-DC54E77922FB}.Release|iPhoneSimulator.Deploy.0 = Release|Any CPU
	EndGlobalSection
	GlobalSection(SolutionProperties) = preSolution
		HideSolutionNode = FALSE
	EndGlobalSection
	GlobalSection(ExtensibilityGlobals) = postSolution
		SolutionGuid = {F64C0E31-19E2-430C-B68B-91CC395E79A4}
	EndGlobalSection
EndGlobal
